
Microsoft Visual Studio Solution File, Format Version 12.00
# Visual Studio 14
VisualStudioVersion = 14.0.25123.0
MinimumVisualStudioVersion = 10.0.40219.1
Project("{8BC9CEB8-8B4A-11D0-8D11-00A0C91BC942}") = "Homework01", "Homework01\Homework01.vcxproj", "{C5B4CB14-8AC7-4F20-9627-5EF89D96A71E}"
EndProject
Project("{8BC9CEB8-8B4A-11D0-8D11-00A0C91BC942}") = "Demo01", "Demo01\Demo01.vcxproj", "{4962F467-CBED-40E3-996C-C1AE7B0262C3}"
EndProject
Project("{8BC9CEB8-8B4A-11D0-8D11-00A0C91BC942}") = "Homework01v2", "Homework01v2\Homework01v2.vcxproj", "{AF3ED3C0-1C06-4A6B-B887-36C4C1B246A8}"
EndProject
Project("{8BC9CEB8-8B4A-11D0-8D11-00A0C91BC942}") = "Demo02", "Demo02\Demo02.vcxproj", "{9EB79AF0-2E55-4F09-8454-0A56ABCA114D}"
EndProject
Project("{8BC9CEB8-8B4A-11D0-8D11-00A0C91BC942}") = "Demo03", "Demo03\Demo03.vcxproj", "{2F1A0DFB-F7EF-4922-A81D-ACF7E955F5CC}"
EndProject
Project("{8BC9CEB8-8B4A-11D0-8D11-00A0C91BC942}") = "Demo04", "Demo04\Demo04.vcxproj", "{4114EC2C-1C47-46DE-BBDF-0680E1C2C970}"
EndProject
Project("{8BC9CEB8-8B4A-11D0-8D11-00A0C91BC942}") = "Demo05", "Demo05\Demo05.vcxproj", "{F27CA356-4EF7-49A7-B050-EEC09F6FDFA0}"
EndProject
Project("{8BC9CEB8-8B4A-11D0-8D11-00A0C91BC942}") = "Exam01", "Exam01\Exam01.vcxproj", "{72915496-9660-40DF-86E1-9DE5A9ABACF7}"
EndProject
Project("{8BC9CEB8-8B4A-11D0-8D11-00A0C91BC942}") = "Demo06", "Demo06\Demo06.vcxproj", "{BC0CD9E5-46E2-4BA2-BA9F-F29A2C865E1A}"
EndProject
Global
	GlobalSection(SolutionConfigurationPlatforms) = preSolution
		Debug|x64 = Debug|x64
		Debug|x86 = Debug|x86
		Release|x64 = Release|x64
		Release|x86 = Release|x86
	EndGlobalSection
	GlobalSection(ProjectConfigurationPlatforms) = postSolution
		{C5B4CB14-8AC7-4F20-9627-5EF89D96A71E}.Debug|x64.ActiveCfg = Debug|x64
		{C5B4CB14-8AC7-4F20-9627-5EF89D96A71E}.Debug|x64.Build.0 = Debug|x64
		{C5B4CB14-8AC7-4F20-9627-5EF89D96A71E}.Debug|x86.ActiveCfg = Debug|Win32
		{C5B4CB14-8AC7-4F20-9627-5EF89D96A71E}.Debug|x86.Build.0 = Debug|Win32
		{C5B4CB14-8AC7-4F20-9627-5EF89D96A71E}.Release|x64.ActiveCfg = Release|x64
		{C5B4CB14-8AC7-4F20-9627-5EF89D96A71E}.Release|x64.Build.0 = Release|x64
		{C5B4CB14-8AC7-4F20-9627-5EF89D96A71E}.Release|x86.ActiveCfg = Release|Win32
		{C5B4CB14-8AC7-4F20-9627-5EF89D96A71E}.Release|x86.Build.0 = Release|Win32
		{4962F467-CBED-40E3-996C-C1AE7B0262C3}.Debug|x64.ActiveCfg = Debug|x64
		{4962F467-CBED-40E3-996C-C1AE7B0262C3}.Debug|x64.Build.0 = Debug|x64
		{4962F467-CBED-40E3-996C-C1AE7B0262C3}.Debug|x86.ActiveCfg = Debug|Win32
		{4962F467-CBED-40E3-996C-C1AE7B0262C3}.Debug|x86.Build.0 = Debug|Win32
		{4962F467-CBED-40E3-996C-C1AE7B0262C3}.Release|x64.ActiveCfg = Release|x64
		{4962F467-CBED-40E3-996C-C1AE7B0262C3}.Release|x64.Build.0 = Release|x64
		{4962F467-CBED-40E3-996C-C1AE7B0262C3}.Release|x86.ActiveCfg = Release|Win32
		{4962F467-CBED-40E3-996C-C1AE7B0262C3}.Release|x86.Build.0 = Release|Win32
		{AF3ED3C0-1C06-4A6B-B887-36C4C1B246A8}.Debug|x64.ActiveCfg = Debug|x64
		{AF3ED3C0-1C06-4A6B-B887-36C4C1B246A8}.Debug|x64.Build.0 = Debug|x64
		{AF3ED3C0-1C06-4A6B-B887-36C4C1B246A8}.Debug|x86.ActiveCfg = Debug|Win32
		{AF3ED3C0-1C06-4A6B-B887-36C4C1B246A8}.Debug|x86.Build.0 = Debug|Win32
		{AF3ED3C0-1C06-4A6B-B887-36C4C1B246A8}.Release|x64.ActiveCfg = Release|x64
		{AF3ED3C0-1C06-4A6B-B887-36C4C1B246A8}.Release|x64.Build.0 = Release|x64
		{AF3ED3C0-1C06-4A6B-B887-36C4C1B246A8}.Release|x86.ActiveCfg = Release|Win32
		{AF3ED3C0-1C06-4A6B-B887-36C4C1B246A8}.Release|x86.Build.0 = Release|Win32
		{9EB79AF0-2E55-4F09-8454-0A56ABCA114D}.Debug|x64.ActiveCfg = Debug|x64
		{9EB79AF0-2E55-4F09-8454-0A56ABCA114D}.Debug|x64.Build.0 = Debug|x64
		{9EB79AF0-2E55-4F09-8454-0A56ABCA114D}.Debug|x86.ActiveCfg = Debug|Win32
		{9EB79AF0-2E55-4F09-8454-0A56ABCA114D}.Debug|x86.Build.0 = Debug|Win32
		{9EB79AF0-2E55-4F09-8454-0A56ABCA114D}.Release|x64.ActiveCfg = Release|x64
		{9EB79AF0-2E55-4F09-8454-0A56ABCA114D}.Release|x64.Build.0 = Release|x64
		{9EB79AF0-2E55-4F09-8454-0A56ABCA114D}.Release|x86.ActiveCfg = Release|Win32
		{9EB79AF0-2E55-4F09-8454-0A56ABCA114D}.Release|x86.Build.0 = Release|Win32
		{2F1A0DFB-F7EF-4922-A81D-ACF7E955F5CC}.Debug|x64.ActiveCfg = Debug|x64
		{2F1A0DFB-F7EF-4922-A81D-ACF7E955F5CC}.Debug|x64.Build.0 = Debug|x64
		{2F1A0DFB-F7EF-4922-A81D-ACF7E955F5CC}.Debug|x86.ActiveCfg = Debug|Win32
		{2F1A0DFB-F7EF-4922-A81D-ACF7E955F5CC}.Debug|x86.Build.0 = Debug|Win32
		{2F1A0DFB-F7EF-4922-A81D-ACF7E955F5CC}.Release|x64.ActiveCfg = Release|x64
		{2F1A0DFB-F7EF-4922-A81D-ACF7E955F5CC}.Release|x64.Build.0 = Release|x64
		{2F1A0DFB-F7EF-4922-A81D-ACF7E955F5CC}.Release|x86.ActiveCfg = Release|Win32
		{2F1A0DFB-F7EF-4922-A81D-ACF7E955F5CC}.Release|x86.Build.0 = Release|Win32
		{4114EC2C-1C47-46DE-BBDF-0680E1C2C970}.Debug|x64.ActiveCfg = Debug|x64
		{4114EC2C-1C47-46DE-BBDF-0680E1C2C970}.Debug|x64.Build.0 = Debug|x64
		{4114EC2C-1C47-46DE-BBDF-0680E1C2C970}.Debug|x86.ActiveCfg = Debug|Win32
		{4114EC2C-1C47-46DE-BBDF-0680E1C2C970}.Debug|x86.Build.0 = Debug|Win32
		{4114EC2C-1C47-46DE-BBDF-0680E1C2C970}.Release|x64.ActiveCfg = Release|x64
		{4114EC2C-1C47-46DE-BBDF-0680E1C2C970}.Release|x64.Build.0 = Release|x64
		{4114EC2C-1C47-46DE-BBDF-0680E1C2C970}.Release|x86.ActiveCfg = Release|Win32
		{4114EC2C-1C47-46DE-BBDF-0680E1C2C970}.Release|x86.Build.0 = Release|Win32
		{F27CA356-4EF7-49A7-B050-EEC09F6FDFA0}.Debug|x64.ActiveCfg = Debug|x64
		{F27CA356-4EF7-49A7-B050-EEC09F6FDFA0}.Debug|x64.Build.0 = Debug|x64
		{F27CA356-4EF7-49A7-B050-EEC09F6FDFA0}.Debug|x86.ActiveCfg = Debug|Win32
		{F27CA356-4EF7-49A7-B050-EEC09F6FDFA0}.Debug|x86.Build.0 = Debug|Win32
		{F27CA356-4EF7-49A7-B050-EEC09F6FDFA0}.Release|x64.ActiveCfg = Release|x64
		{F27CA356-4EF7-49A7-B050-EEC09F6FDFA0}.Release|x64.Build.0 = Release|x64
		{F27CA356-4EF7-49A7-B050-EEC09F6FDFA0}.Release|x86.ActiveCfg = Release|Win32
		{F27CA356-4EF7-49A7-B050-EEC09F6FDFA0}.Release|x86.Build.0 = Release|Win32
		{72915496-9660-40DF-86E1-9DE5A9ABACF7}.Debug|x64.ActiveCfg = Debug|x64
		{72915496-9660-40DF-86E1-9DE5A9ABACF7}.Debug|x64.Build.0 = Debug|x64
		{72915496-9660-40DF-86E1-9DE5A9ABACF7}.Debug|x86.ActiveCfg = Debug|Win32
		{72915496-9660-40DF-86E1-9DE5A9ABACF7}.Debug|x86.Build.0 = Debug|Win32
		{72915496-9660-40DF-86E1-9DE5A9ABACF7}.Release|x64.ActiveCfg = Release|x64
		{72915496-9660-40DF-86E1-9DE5A9ABACF7}.Release|x64.Build.0 = Release|x64
		{72915496-9660-40DF-86E1-9DE5A9ABACF7}.Release|x86.ActiveCfg = Release|Win32
		{72915496-9660-40DF-86E1-9DE5A9ABACF7}.Release|x86.Build.0 = Release|Win32
		{BC0CD9E5-46E2-4BA2-BA9F-F29A2C865E1A}.Debug|x64.ActiveCfg = Debug|x64
		{BC0CD9E5-46E2-4BA2-BA9F-F29A2C865E1A}.Debug|x64.Build.0 = Debug|x64
		{BC0CD9E5-46E2-4BA2-BA9F-F29A2C865E1A}.Debug|x86.ActiveCfg = Debug|Win32
		{BC0CD9E5-46E2-4BA2-BA9F-F29A2C865E1A}.Debug|x86.Build.0 = Debug|Win32
		{BC0CD9E5-46E2-4BA2-BA9F-F29A2C865E1A}.Release|x64.ActiveCfg = Release|x64
		{BC0CD9E5-46E2-4BA2-BA9F-F29A2C865E1A}.Release|x64.Build.0 = Release|x64
		{BC0CD9E5-46E2-4BA2-BA9F-F29A2C865E1A}.Release|x86.ActiveCfg = Release|Win32
		{BC0CD9E5-46E2-4BA2-BA9F-F29A2C865E1A}.Release|x86.Build.0 = Release|Win32
	EndGlobalSection
	GlobalSection(SolutionProperties) = preSolution
		HideSolutionNode = FALSE
	EndGlobalSection
EndGlobal
